// !$*UTF8*$!
{
	archiveVersion = 1;
	classes = {
	};
	objectVersion = 45;
	objects = {

/* Begin PBXBuildFile section */
		1DDD58160DA1D0A300B32029 /* MainMenu.xib in Resources */ = {isa = PBXBuildFile; fileRef = 1DDD58140DA1D0A300B32029 /* MainMenu.xib */; };
		256AC3DA0F4B6AC300CF3369 /* XAMPP_UpgraderAppDelegate.m in Sources */ = {isa = PBXBuildFile; fileRef = 256AC3D90F4B6AC300CF3369 /* XAMPP_UpgraderAppDelegate.m */; };
		8D11072B0486CEB800E47090 /* InfoPlist.strings in Resources */ = {isa = PBXBuildFile; fileRef = 089C165CFE840E0CC02AAC07 /* InfoPlist.strings */; };
		8D11072D0486CEB800E47090 /* main.m in Sources */ = {isa = PBXBuildFile; fileRef = 29B97316FDCFA39411CA2CEA /* main.m */; settings = {ATTRIBUTES = (); }; };
		8D11072F0486CEB800E47090 /* Cocoa.framework in Frameworks */ = {isa = PBXBuildFile; fileRef = 1058C7A1FEA54F0111CA2CBB /* Cocoa.framework */; };
		921FC51C1078982C00516F83 /* NSObject+Additions.m in Sources */ = {isa = PBXBuildFile; fileRef = 921FC51B1078982C00516F83 /* NSObject+Additions.m */; };
		921FC5201078985B00516F83 /* XPMainThreadProxy.m in Sources */ = {isa = PBXBuildFile; fileRef = 921FC51F1078985B00516F83 /* XPMainThreadProxy.m */; };
		921FC5261078993300516F83 /* Upgrade.strings in Resources */ = {isa = PBXBuildFile; fileRef = 921FC5251078993300516F83 /* Upgrade.strings */; };
		921FC54D10789CF700516F83 /* AccessControl.m in Sources */ = {isa = PBXBuildFile; fileRef = 921FC54C10789CF700516F83 /* AccessControl.m */; };
		921FC7051078B77300516F83 /* Cocoa.framework in Frameworks */ = {isa = PBXBuildFile; fileRef = 1058C7A1FEA54F0111CA2CBB /* Cocoa.framework */; };
		92791E651073B71900865362 /* UpgradingController.m in Sources */ = {isa = PBXBuildFile; fileRef = 92791E641073B71900865362 /* UpgradingController.m */; };
		92791EE41073C06700865362 /* XUFlippedView.m in Sources */ = {isa = PBXBuildFile; fileRef = 92791EE31073C06700865362 /* XUFlippedView.m */; };
		92A378211073DBEB0062C96D /* Welcome.rtfd in Resources */ = {isa = PBXBuildFile; fileRef = 92A378201073DBEB0062C96D /* Welcome.rtfd */; };
		92A378231073DBF30062C96D /* UpgradeWindow.xib in Resources */ = {isa = PBXBuildFile; fileRef = 92A378221073DBF30062C96D /* UpgradeWindow.xib */; };
		92A3952D11F89BA80003FFBE /* Action.m in Sources */ = {isa = PBXBuildFile; fileRef = 92A3952C11F89BA80003FFBE /* Action.m */; };
		92A3954711F89FFF0003FFBE /* PatchAction.m in Sources */ = {isa = PBXBuildFile; fileRef = 92A3954611F89FFF0003FFBE /* PatchAction.m */; };
		92A395A611F8B2A40003FFBE /* MoveAction.m in Sources */ = {isa = PBXBuildFile; fileRef = 92A395A511F8B2A40003FFBE /* MoveAction.m */; };
		92F67F031075151400C59470 /* NSTextView+Additions.m in Sources */ = {isa = PBXBuildFile; fileRef = 92F67F021075151400C59470 /* NSTextView+Additions.m */; };
		92F67FA110764FE900C59470 /* xampp-upgrader in Executables */ = {isa = PBXBuildFile; fileRef = 92F67F9710764F6200C59470 /* xampp-upgrader */; };
		92F67FA61076505900C59470 /* main.m in Sources */ = {isa = PBXBuildFile; fileRef = 92F67FA51076505900C59470 /* main.m */; };
		92F67FD61076532500C59470 /* Security.framework in Frameworks */ = {isa = PBXBuildFile; fileRef = 92F67FD51076532500C59470 /* Security.framework */; };
		92F680191076532A00C59470 /* Security.framework in Frameworks */ = {isa = PBXBuildFile; fileRef = 92F67FD51076532500C59470 /* Security.framework */; };
		92F6804A1076583400C59470 /* Upgrader.m in Sources */ = {isa = PBXBuildFile; fileRef = 92F680491076583400C59470 /* Upgrader.m */; };
/* End PBXBuildFile section */

/* Begin PBXContainerItemProxy section */
		92F67FA210764FEE00C59470 /* PBXContainerItemProxy */ = {
			isa = PBXContainerItemProxy;
			containerPortal = 29B97313FDCFA39411CA2CEA /* Project object */;
			proxyType = 1;
			remoteGlobalIDString = 92F67F9610764F6200C59470;
			remoteInfo = "xampp-upgrader";
		};
/* End PBXContainerItemProxy section */

/* Begin PBXCopyFilesBuildPhase section */
		92F67FA010764FE200C59470 /* Executables */ = {
			isa = PBXCopyFilesBuildPhase;
			buildActionMask = 2147483647;
			dstPath = "";
			dstSubfolderSpec = 6;
			files = (
				92F67FA110764FE900C59470 /* xampp-upgrader in Executables */,
			);
			name = Executables;
			runOnlyForDeploymentPostprocessing = 0;
		};
/* End PBXCopyFilesBuildPhase section */

/* Begin PBXFileReference section */
		089C165DFE840E0CC02AAC07 /* English */ = {isa = PBXFileReference; fileEncoding = 4; lastKnownFileType = text.plist.strings; name = English; path = English.lproj/InfoPlist.strings; sourceTree = "<group>"; };
		1058C7A1FEA54F0111CA2CBB /* Cocoa.framework */ = {isa = PBXFileReference; lastKnownFileType = wrapper.framework; name = Cocoa.framework; path = /System/Library/Frameworks/Cocoa.framework; sourceTree = "<absolute>"; };
		13E42FB307B3F0F600E4EEF1 /* CoreData.framework */ = {isa = PBXFileReference; lastKnownFileType = wrapper.framework; name = CoreData.framework; path = /System/Library/Frameworks/CoreData.framework; sourceTree = "<absolute>"; };
		1DDD58150DA1D0A300B32029 /* English */ = {isa = PBXFileReference; lastKnownFileType = file.xib; name = English; path = English.lproj/MainMenu.xib; sourceTree = "<group>"; };
		256AC3D80F4B6AC300CF3369 /* XAMPP_UpgraderAppDelegate.h */ = {isa = PBXFileReference; fileEncoding = 4; lastKnownFileType = sourcecode.c.h; path = XAMPP_UpgraderAppDelegate.h; sourceTree = "<group>"; };
		256AC3D90F4B6AC300CF3369 /* XAMPP_UpgraderAppDelegate.m */ = {isa = PBXFileReference; fileEncoding = 4; lastKnownFileType = sourcecode.c.objc; path = XAMPP_UpgraderAppDelegate.m; sourceTree = "<group>"; };
		256AC3F00F4B6AF500CF3369 /* XAMPP_Upgrader_Prefix.pch */ = {isa = PBXFileReference; fileEncoding = 4; lastKnownFileType = sourcecode.c.h; path = XAMPP_Upgrader_Prefix.pch; sourceTree = "<group>"; };
		29B97316FDCFA39411CA2CEA /* main.m */ = {isa = PBXFileReference; fileEncoding = 4; lastKnownFileType = sourcecode.c.objc; path = main.m; sourceTree = "<group>"; };
		29B97324FDCFA39411CA2CEA /* AppKit.framework */ = {isa = PBXFileReference; lastKnownFileType = wrapper.framework; name = AppKit.framework; path = /System/Library/Frameworks/AppKit.framework; sourceTree = "<absolute>"; };
		29B97325FDCFA39411CA2CEA /* Foundation.framework */ = {isa = PBXFileReference; lastKnownFileType = wrapper.framework; name = Foundation.framework; path = /System/Library/Frameworks/Foundation.framework; sourceTree = "<absolute>"; };
		8D1107310486CEB800E47090 /* XAMPP_Upgrader-Info.plist */ = {isa = PBXFileReference; fileEncoding = 4; lastKnownFileType = text.plist.xml; path = "XAMPP_Upgrader-Info.plist"; sourceTree = "<group>"; };
		8D1107320486CEB800E47090 /* XAMPP Upgrader.app */ = {isa = PBXFileReference; explicitFileType = wrapper.application; includeInIndex = 0; path = "XAMPP Upgrader.app"; sourceTree = BUILT_PRODUCTS_DIR; };
		92097743118C83AE004045FD /* UpgradeErrors.h */ = {isa = PBXFileReference; fileEncoding = 4; lastKnownFileType = sourcecode.c.h; path = UpgradeErrors.h; sourceTree = "<group>"; };
		921FC51A1078982C00516F83 /* NSObject+Additions.h */ = {isa = PBXFileReference; fileEncoding = 4; lastKnownFileType = sourcecode.c.h; path = "NSObject+Additions.h"; sourceTree = "<group>"; };
		921FC51B1078982C00516F83 /* NSObject+Additions.m */ = {isa = PBXFileReference; fileEncoding = 4; lastKnownFileType = sourcecode.c.objc; path = "NSObject+Additions.m"; sourceTree = "<group>"; };
		921FC51E1078985B00516F83 /* XPMainThreadProxy.h */ = {isa = PBXFileReference; fileEncoding = 4; lastKnownFileType = sourcecode.c.h; path = XPMainThreadProxy.h; sourceTree = "<group>"; };
		921FC51F1078985B00516F83 /* XPMainThreadProxy.m */ = {isa = PBXFileReference; fileEncoding = 4; lastKnownFileType = sourcecode.c.objc; path = XPMainThreadProxy.m; sourceTree = "<group>"; };
		921FC523107898ED00516F83 /* English */ = {isa = PBXFileReference; fileEncoding = 4; lastKnownFileType = text.plist.strings; name = English; path = English.lproj/Upgrade.strings; sourceTree = "<group>"; };
		921FC54B10789CF700516F83 /* AccessControl.h */ = {isa = PBXFileReference; fileEncoding = 4; lastKnownFileType = sourcecode.c.h; path = AccessControl.h; sourceTree = "<group>"; };
		921FC54C10789CF700516F83 /* AccessControl.m */ = {isa = PBXFileReference; fileEncoding = 4; lastKnownFileType = sourcecode.c.objc; path = AccessControl.m; sourceTree = "<group>"; };
		921FC54E10789D0500516F83 /* AccessControlProtocol.h */ = {isa = PBXFileReference; fileEncoding = 4; lastKnownFileType = sourcecode.c.h; path = AccessControlProtocol.h; sourceTree = "<group>"; };
		92791E631073B71900865362 /* UpgradingController.h */ = {isa = PBXFileReference; fileEncoding = 4; lastKnownFileType = sourcecode.c.h; path = UpgradingController.h; sourceTree = "<group>"; };
		92791E641073B71900865362 /* UpgradingController.m */ = {isa = PBXFileReference; fileEncoding = 4; lastKnownFileType = sourcecode.c.objc; path = UpgradingController.m; sourceTree = "<group>"; };
		92791E6E1073B87200865362 /* English */ = {isa = PBXFileReference; lastKnownFileType = file.xib; name = English; path = English.lproj/UpgradeWindow.xib; sourceTree = "<group>"; };
		92791E831073BBBC00865362 /* English */ = {isa = PBXFileReference; lastKnownFileType = wrapper.rtfd; name = English; path = English.lproj/Welcome.rtfd; sourceTree = "<group>"; };
		92791EE21073C06700865362 /* XUFlippedView.h */ = {isa = PBXFileReference; fileEncoding = 4; lastKnownFileType = sourcecode.c.h; path = XUFlippedView.h; sourceTree = "<group>"; };
		92791EE31073C06700865362 /* XUFlippedView.m */ = {isa = PBXFileReference; fileEncoding = 4; lastKnownFileType = sourcecode.c.objc; path = XUFlippedView.m; sourceTree = "<group>"; };
		92A3952B11F89BA80003FFBE /* Action.h */ = {isa = PBXFileReference; fileEncoding = 4; lastKnownFileType = sourcecode.c.h; path = Action.h; sourceTree = "<group>"; };
		92A3952C11F89BA80003FFBE /* Action.m */ = {isa = PBXFileReference; fileEncoding = 4; lastKnownFileType = sourcecode.c.objc; path = Action.m; sourceTree = "<group>"; };
		92A3954511F89FFF0003FFBE /* PatchAction.h */ = {isa = PBXFileReference; fileEncoding = 4; lastKnownFileType = sourcecode.c.h; path = PatchAction.h; sourceTree = "<group>"; };
		92A3954611F89FFF0003FFBE /* PatchAction.m */ = {isa = PBXFileReference; fileEncoding = 4; lastKnownFileType = sourcecode.c.objc; path = PatchAction.m; sourceTree = "<group>"; };
		92A395A411F8B2A40003FFBE /* MoveAction.h */ = {isa = PBXFileReference; fileEncoding = 4; lastKnownFileType = sourcecode.c.h; path = MoveAction.h; sourceTree = "<group>"; };
		92A395A511F8B2A40003FFBE /* MoveAction.m */ = {isa = PBXFileReference; fileEncoding = 4; lastKnownFileType = sourcecode.c.objc; path = MoveAction.m; sourceTree = "<group>"; };
		92CEBA58118C4C9B00C1070D /* UpgraderDelegateProtocol.h */ = {isa = PBXFileReference; fileEncoding = 4; lastKnownFileType = sourcecode.c.h; path = UpgraderDelegateProtocol.h; sourceTree = "<group>"; };
		92F67F011075151400C59470 /* NSTextView+Additions.h */ = {isa = PBXFileReference; fileEncoding = 4; lastKnownFileType = sourcecode.c.h; path = "NSTextView+Additions.h"; sourceTree = "<group>"; };
		92F67F021075151400C59470 /* NSTextView+Additions.m */ = {isa = PBXFileReference; fileEncoding = 4; lastKnownFileType = sourcecode.c.objc; path = "NSTextView+Additions.m"; sourceTree = "<group>"; };
		92F67F9710764F6200C59470 /* xampp-upgrader */ = {isa = PBXFileReference; explicitFileType = "compiled.mach-o.executable"; includeInIndex = 0; path = "xampp-upgrader"; sourceTree = BUILT_PRODUCTS_DIR; };
		92F67FA51076505900C59470 /* main.m */ = {isa = PBXFileReference; fileEncoding = 4; lastKnownFileType = sourcecode.c.objc; path = main.m; sourceTree = "<group>"; };
		92F67FD51076532500C59470 /* Security.framework */ = {isa = PBXFileReference; lastKnownFileType = wrapper.framework; name = Security.framework; path = /System/Library/Frameworks/Security.framework; sourceTree = "<absolute>"; };
		92F680481076583400C59470 /* Upgrader.h */ = {isa = PBXFileReference; fileEncoding = 4; lastKnownFileType = sourcecode.c.h; path = Upgrader.h; sourceTree = "<group>"; };
		92F680491076583400C59470 /* Upgrader.m */ = {isa = PBXFileReference; fileEncoding = 4; lastKnownFileType = sourcecode.c.objc; path = Upgrader.m; sourceTree = "<group>"; };
/* End PBXFileReference section */

/* Begin PBXFrameworksBuildPhase section */
		8D11072E0486CEB800E47090 /* Frameworks */ = {
			isa = PBXFrameworksBuildPhase;
			buildActionMask = 2147483647;
			files = (
				8D11072F0486CEB800E47090 /* Cocoa.framework in Frameworks */,
				92F67FD61076532500C59470 /* Security.framework in Frameworks */,
			);
			runOnlyForDeploymentPostprocessing = 0;
		};
		92F67F9510764F6200C59470 /* Frameworks */ = {
			isa = PBXFrameworksBuildPhase;
			buildActionMask = 2147483647;
			files = (
				921FC7051078B77300516F83 /* Cocoa.framework in Frameworks */,
				92F680191076532A00C59470 /* Security.framework in Frameworks */,
			);
			runOnlyForDeploymentPostprocessing = 0;
		};
/* End PBXFrameworksBuildPhase section */

/* Begin PBXGroup section */
		080E96DDFE201D6D7F000001 /* Sources */ = {
			isa = PBXGroup;
			children = (
				92F67F8810764C1300C59470 /* Upgrading-Process */,
				92F67F7810763D8E00C59470 /* Views */,
				92F67F7710763D7C00C59470 /* Additions */,
				256AC3D80F4B6AC300CF3369 /* XAMPP_UpgraderAppDelegate.h */,
				256AC3D90F4B6AC300CF3369 /* XAMPP_UpgraderAppDelegate.m */,
				92791E631073B71900865362 /* UpgradingController.h */,
				92791E641073B71900865362 /* UpgradingController.m */,
				92097743118C83AE004045FD /* UpgradeErrors.h */,
			);
			path = Sources;
			sourceTree = "<group>";
		};
		1058C7A0FEA54F0111CA2CBB /* Linked Frameworks */ = {
			isa = PBXGroup;
			children = (
				1058C7A1FEA54F0111CA2CBB /* Cocoa.framework */,
				92F67FD51076532500C59470 /* Security.framework */,
			);
			name = "Linked Frameworks";
			sourceTree = "<group>";
		};
		1058C7A2FEA54F0111CA2CBB /* Other Frameworks */ = {
			isa = PBXGroup;
			children = (
				29B97324FDCFA39411CA2CEA /* AppKit.framework */,
				13E42FB307B3F0F600E4EEF1 /* CoreData.framework */,
				29B97325FDCFA39411CA2CEA /* Foundation.framework */,
			);
			name = "Other Frameworks";
			sourceTree = "<group>";
		};
		19C28FACFE9D520D11CA2CBB /* Products */ = {
			isa = PBXGroup;
			children = (
				8D1107320486CEB800E47090 /* XAMPP Upgrader.app */,
				92F67F9710764F6200C59470 /* xampp-upgrader */,
			);
			name = Products;
			sourceTree = "<group>";
		};
		29B97314FDCFA39411CA2CEA /* XAMPP Upgrader */ = {
			isa = PBXGroup;
			children = (
				080E96DDFE201D6D7F000001 /* Sources */,
				29B97315FDCFA39411CA2CEA /* Other Sources */,
				29B97317FDCFA39411CA2CEA /* Resources */,
				29B97323FDCFA39411CA2CEA /* Frameworks */,
				19C28FACFE9D520D11CA2CBB /* Products */,
			);
			name = "XAMPP Upgrader";
			sourceTree = "<group>";
		};
		29B97315FDCFA39411CA2CEA /* Other Sources */ = {
			isa = PBXGroup;
			children = (
				256AC3F00F4B6AF500CF3369 /* XAMPP_Upgrader_Prefix.pch */,
				29B97316FDCFA39411CA2CEA /* main.m */,
			);
			name = "Other Sources";
			sourceTree = "<group>";
		};
		29B97317FDCFA39411CA2CEA /* Resources */ = {
			isa = PBXGroup;
			children = (
				92A378201073DBEB0062C96D /* Welcome.rtfd */,
				8D1107310486CEB800E47090 /* XAMPP_Upgrader-Info.plist */,
				089C165CFE840E0CC02AAC07 /* InfoPlist.strings */,
				1DDD58140DA1D0A300B32029 /* MainMenu.xib */,
				92A378221073DBF30062C96D /* UpgradeWindow.xib */,
				921FC5251078993300516F83 /* Upgrade.strings */,
			);
			name = Resources;
			sourceTree = "<group>";
		};
		29B97323FDCFA39411CA2CEA /* Frameworks */ = {
			isa = PBXGroup;
			children = (
				1058C7A0FEA54F0111CA2CBB /* Linked Frameworks */,
				1058C7A2FEA54F0111CA2CBB /* Other Frameworks */,
			);
			name = Frameworks;
			sourceTree = "<group>";
		};
		92A3952711F89AED0003FFBE /* Actions */ = {
			isa = PBXGroup;
			children = (
				92A3952B11F89BA80003FFBE /* Action.h */,
				92A3952C11F89BA80003FFBE /* Action.m */,
				92A3954511F89FFF0003FFBE /* PatchAction.h */,
				92A3954611F89FFF0003FFBE /* PatchAction.m */,
				92A395A411F8B2A40003FFBE /* MoveAction.h */,
				92A395A511F8B2A40003FFBE /* MoveAction.m */,
			);
			name = Actions;
			sourceTree = "<group>";
		};
		92F67F7710763D7C00C59470 /* Additions */ = {
			isa = PBXGroup;
			children = (
				921FC51E1078985B00516F83 /* XPMainThreadProxy.h */,
				921FC51F1078985B00516F83 /* XPMainThreadProxy.m */,
				921FC51A1078982C00516F83 /* NSObject+Additions.h */,
				921FC51B1078982C00516F83 /* NSObject+Additions.m */,
				92F67F011075151400C59470 /* NSTextView+Additions.h */,
				92F67F021075151400C59470 /* NSTextView+Additions.m */,
			);
			path = Additions;
			sourceTree = "<group>";
		};
		92F67F7810763D8E00C59470 /* Views */ = {
			isa = PBXGroup;
			children = (
				92791EE21073C06700865362 /* XUFlippedView.h */,
				92791EE31073C06700865362 /* XUFlippedView.m */,
			);
			path = Views;
			sourceTree = "<group>";
		};
		92F67F8810764C1300C59470 /* Upgrading-Process */ = {
			isa = PBXGroup;
			children = (
				92A3952711F89AED0003FFBE /* Actions */,
				92F67FA51076505900C59470 /* main.m */,
				92F680481076583400C59470 /* Upgrader.h */,
				92F680491076583400C59470 /* Upgrader.m */,
				92CEBA58118C4C9B00C1070D /* UpgraderDelegateProtocol.h */,
				921FC54B10789CF700516F83 /* AccessControl.h */,
				921FC54C10789CF700516F83 /* AccessControl.m */,
				921FC54E10789D0500516F83 /* AccessControlProtocol.h */,
			);
			path = "Upgrading-Process";
			sourceTree = "<group>";
		};
/* End PBXGroup section */

/* Begin PBXNativeTarget section */
		8D1107260486CEB800E47090 /* XAMPP Upgrader */ = {
			isa = PBXNativeTarget;
			buildConfigurationList = C01FCF4A08A954540054247B /* Build configuration list for PBXNativeTarget "XAMPP Upgrader" */;
			buildPhases = (
				8D1107290486CEB800E47090 /* Resources */,
				8D11072C0486CEB800E47090 /* Sources */,
				8D11072E0486CEB800E47090 /* Frameworks */,
				92F67FA010764FE200C59470 /* Executables */,
			);
			buildRules = (
			);
			dependencies = (
				92F67FA310764FEE00C59470 /* PBXTargetDependency */,
			);
			name = "XAMPP Upgrader";
			productInstallPath = "$(HOME)/Applications";
			productName = "XAMPP Upgrader";
			productReference = 8D1107320486CEB800E47090 /* XAMPP Upgrader.app */;
			productType = "com.apple.product-type.application";
		};
		92F67F9610764F6200C59470 /* xampp-upgrader */ = {
			isa = PBXNativeTarget;
			buildConfigurationList = 92F67F9C10764F6B00C59470 /* Build configuration list for PBXNativeTarget "xampp-upgrader" */;
			buildPhases = (
				92F67F9410764F6200C59470 /* Sources */,
				92F67F9510764F6200C59470 /* Frameworks */,
			);
			buildRules = (
			);
			dependencies = (
			);
			name = "xampp-upgrader";
			productName = "xampp-upgrader";
			productReference = 92F67F9710764F6200C59470 /* xampp-upgrader */;
			productType = "com.apple.product-type.tool";
		};
/* End PBXNativeTarget section */

/* Begin PBXProject section */
		29B97313FDCFA39411CA2CEA /* Project object */ = {
			isa = PBXProject;
			buildConfigurationList = C01FCF4E08A954540054247B /* Build configuration list for PBXProject "XAMPP Upgrader" */;
			compatibilityVersion = "Xcode 3.1";
			developmentRegion = English;
			hasScannedForEncodings = 1;
			knownRegions = (
				en,
				"de-DE",
			);
			mainGroup = 29B97314FDCFA39411CA2CEA /* XAMPP Upgrader */;
			projectDirPath = "";
			projectRoot = "";
			targets = (
				8D1107260486CEB800E47090 /* XAMPP Upgrader */,
				92F67F9610764F6200C59470 /* xampp-upgrader */,
			);
		};
/* End PBXProject section */

/* Begin PBXResourcesBuildPhase section */
		8D1107290486CEB800E47090 /* Resources */ = {
			isa = PBXResourcesBuildPhase;
			buildActionMask = 2147483647;
			files = (
				8D11072B0486CEB800E47090 /* InfoPlist.strings in Resources */,
				1DDD58160DA1D0A300B32029 /* MainMenu.xib in Resources */,
				92A378231073DBF30062C96D /* UpgradeWindow.xib in Resources */,
				92A378211073DBEB0062C96D /* Welcome.rtfd in Resources */,
				921FC5261078993300516F83 /* Upgrade.strings in Resources */,
			);
			runOnlyForDeploymentPostprocessing = 0;
		};
/* End PBXResourcesBuildPhase section */

/* Begin PBXSourcesBuildPhase section */
		8D11072C0486CEB800E47090 /* Sources */ = {
			isa = PBXSourcesBuildPhase;
			buildActionMask = 2147483647;
			files = (
				8D11072D0486CEB800E47090 /* main.m in Sources */,
				256AC3DA0F4B6AC300CF3369 /* XAMPP_UpgraderAppDelegate.m in Sources */,
				92791E651073B71900865362 /* UpgradingController.m in Sources */,
				92791EE41073C06700865362 /* XUFlippedView.m in Sources */,
				92F67F031075151400C59470 /* NSTextView+Additions.m in Sources */,
				921FC51C1078982C00516F83 /* NSObject+Additions.m in Sources */,
				921FC5201078985B00516F83 /* XPMainThreadProxy.m in Sources */,
			);
			runOnlyForDeploymentPostprocessing = 0;
		};
		92F67F9410764F6200C59470 /* Sources */ = {
			isa = PBXSourcesBuildPhase;
			buildActionMask = 2147483647;
			files = (
				92F67FA61076505900C59470 /* main.m in Sources */,
				92F6804A1076583400C59470 /* Upgrader.m in Sources */,
				921FC54D10789CF700516F83 /* AccessControl.m in Sources */,
				92A3952D11F89BA80003FFBE /* Action.m in Sources */,
				92A3954711F89FFF0003FFBE /* PatchAction.m in Sources */,
				92A395A611F8B2A40003FFBE /* MoveAction.m in Sources */,
			);
			runOnlyForDeploymentPostprocessing = 0;
		};
/* End PBXSourcesBuildPhase section */

/* Begin PBXTargetDependency section */
		92F67FA310764FEE00C59470 /* PBXTargetDependency */ = {
			isa = PBXTargetDependency;
			target = 92F67F9610764F6200C59470 /* xampp-upgrader */;
			targetProxy = 92F67FA210764FEE00C59470 /* PBXContainerItemProxy */;
		};
/* End PBXTargetDependency section */

/* Begin PBXVariantGroup section */
		089C165CFE840E0CC02AAC07 /* InfoPlist.strings */ = {
			isa = PBXVariantGroup;
			children = (
				089C165DFE840E0CC02AAC07 /* English */,
			);
			name = InfoPlist.strings;
			sourceTree = "<group>";
		};
		1DDD58140DA1D0A300B32029 /* MainMenu.xib */ = {
			isa = PBXVariantGroup;
			children = (
				1DDD58150DA1D0A300B32029 /* English */,
			);
			name = MainMenu.xib;
			sourceTree = "<group>";
		};
		921FC5251078993300516F83 /* Upgrade.strings */ = {
			isa = PBXVariantGroup;
			children = (
				921FC523107898ED00516F83 /* English */,
			);
			name = Upgrade.strings;
			sourceTree = "<group>";
		};
		92A378201073DBEB0062C96D /* Welcome.rtfd */ = {
			isa = PBXVariantGroup;
			children = (
				92791E831073BBBC00865362 /* English */,
			);
			name = Welcome.rtfd;
			sourceTree = "<group>";
		};
		92A378221073DBF30062C96D /* UpgradeWindow.xib */ = {
			isa = PBXVariantGroup;
			children = (
				92791E6E1073B87200865362 /* English */,
			);
			name = UpgradeWindow.xib;
			sourceTree = "<group>";
		};
/* End PBXVariantGroup section */

/* Begin XCBuildConfiguration section */
		92F67F9910764F6200C59470 /* Debug */ = {
			isa = XCBuildConfiguration;
			buildSettings = {
				ALWAYS_SEARCH_USER_PATHS = NO;
				COPY_PHASE_STRIP = NO;
				GCC_DYNAMIC_NO_PIC = NO;
				GCC_ENABLE_FIX_AND_CONTINUE = YES;
				GCC_MODEL_TUNING = G5;
				GCC_OPTIMIZATION_LEVEL = 0;
				GCC_PRECOMPILE_PREFIX_HEADER = YES;
				GCC_PREFIX_HEADER = "$(SYSTEM_LIBRARY_DIR)/Frameworks/AppKit.framework/Headers/AppKit.h";
				INSTALL_PATH = /usr/local/bin;
				OTHER_LDFLAGS = (
					"-framework",
					Foundation,
					"-framework",
					AppKit,
				);
				PREBINDING = NO;
				PRODUCT_NAME = "xampp-upgrader";
			};
			name = Debug;
		};
		92F67F9A10764F6200C59470 /* Release */ = {
			isa = XCBuildConfiguration;
			buildSettings = {
				ALWAYS_SEARCH_USER_PATHS = NO;
				COPY_PHASE_STRIP = YES;
				DEBUG_INFORMATION_FORMAT = "dwarf-with-dsym";
				GCC_ENABLE_FIX_AND_CONTINUE = NO;
				GCC_MODEL_TUNING = G5;
				GCC_PRECOMPILE_PREFIX_HEADER = YES;
				GCC_PREFIX_HEADER = "$(SYSTEM_LIBRARY_DIR)/Frameworks/AppKit.framework/Headers/AppKit.h";
				INSTALL_PATH = /usr/local/bin;
				OTHER_LDFLAGS = (
					"-framework",
					Foundation,
					"-framework",
					AppKit,
				);
				PREBINDING = NO;
				PRODUCT_NAME = "xampp-upgrader";
				ZERO_LINK = NO;
			};
			name = Release;
		};
		C01FCF4B08A954540054247B /* Debug */ = {
			isa = XCBuildConfiguration;
			buildSettings = {
				ALWAYS_SEARCH_USER_PATHS = NO;
				COPY_PHASE_STRIP = NO;
				GCC_DYNAMIC_NO_PIC = NO;
				GCC_ENABLE_FIX_AND_CONTINUE = YES;
				GCC_MODEL_TUNING = G5;
				GCC_OPTIMIZATION_LEVEL = 0;
				GCC_PRECOMPILE_PREFIX_HEADER = YES;
				GCC_PREFIX_HEADER = XAMPP_Upgrader_Prefix.pch;
				INFOPLIST_FILE = "XAMPP_Upgrader-Info.plist";
				INSTALL_PATH = "$(HOME)/Applications";
				PRODUCT_NAME = "XAMPP Upgrader";
			};
			name = Debug;
		};
		C01FCF4C08A954540054247B /* Release */ = {
			isa = XCBuildConfiguration;
			buildSettings = {
				ALWAYS_SEARCH_USER_PATHS = NO;
				DEBUG_INFORMATION_FORMAT = "dwarf-with-dsym";
				GCC_MODEL_TUNING = G5;
				GCC_PRECOMPILE_PREFIX_HEADER = YES;
				GCC_PREFIX_HEADER = XAMPP_Upgrader_Prefix.pch;
				INFOPLIST_FILE = "XAMPP_Upgrader-Info.plist";
				INSTALL_PATH = "$(HOME)/Applications";
				PRODUCT_NAME = "XAMPP Upgrader";
			};
			name = Release;
		};
		C01FCF4F08A954540054247B /* Debug */ = {
			isa = XCBuildConfiguration;
			buildSettings = {
				ARCHS = "$(ARCHS_STANDARD_32_BIT)";
				GCC_C_LANGUAGE_STANDARD = gnu99;
				GCC_OPTIMIZATION_LEVEL = 0;
				GCC_VERSION = com.apple.compilers.llvm.clang.1_0;
				GCC_WARN_ABOUT_RETURN_TYPE = YES;
				GCC_WARN_UNUSED_VARIABLE = YES;
				MACOSX_DEPLOYMENT_TARGET = 10.4;
				ONLY_ACTIVE_ARCH = YES;
				PREBINDING = NO;
				SDKROOT = macosx10.5;
			};
			name = Debug;
		};
		C01FCF5008A954540054247B /* Release */ = {
			isa = XCBuildConfiguration;
			buildSettings = {
				ARCHS = "$(ARCHS_STANDARD_32_BIT)";
				GCC_C_LANGUAGE_STANDARD = gnu99;
				GCC_VERSION = com.apple.compilers.llvm.clang.1_0;
				GCC_WARN_ABOUT_RETURN_TYPE = YES;
				GCC_WARN_UNUSED_VARIABLE = YES;
				MACOSX_DEPLOYMENT_TARGET = 10.4;
				PREBINDING = NO;
				SDKROOT = macosx10.5;
			};
			name = Release;
		};
/* End XCBuildConfiguration section */

/* Begin XCConfigurationList section */
		92F67F9C10764F6B00C59470 /* Build configuration list for PBXNativeTarget "xampp-upgrader" */ = {
			isa = XCConfigurationList;
			buildConfigurations = (
				92F67F9910764F6200C59470 /* Debug */,
				92F67F9A10764F6200C59470 /* Release */,
			);
			defaultConfigurationIsVisible = 0;
			defaultConfigurationName = Release;
		};
		C01FCF4A08A954540054247B /* Build configuration list for PBXNativeTarget "XAMPP Upgrader" */ = {
			isa = XCConfigurationList;
			buildConfigurations = (
				C01FCF4B08A954540054247B /* Debug */,
				C01FCF4C08A954540054247B /* Release */,
			);
			defaultConfigurationIsVisible = 0;
			defaultConfigurationName = Release;
		};
		C01FCF4E08A954540054247B /* Build configuration list for PBXProject "XAMPP Upgrader" */ = {
			isa = XCConfigurationList;
			buildConfigurations = (
				C01FCF4F08A954540054247B /* Debug */,
				C01FCF5008A954540054247B /* Release */,
			);
			defaultConfigurationIsVisible = 0;
			defaultConfigurationName = Release;
		};
/* End XCConfigurationList section */
	};
	rootObject = 29B97313FDCFA39411CA2CEA /* Project object */;
}
